{
  "name": "cider-icon-changer",
  "version": "1.0.0",
  "lockfileVersion": 2,
  "requires": true,
  "packages": {
    "": {
      "name": "cider-icon-changer",
      "version": "1.0.0",
      "license": "ISC",
      "dependencies": {
        "windows-shortcuts": "^0.1.6"
      }
    },
    "node_modules/windows-shortcuts": {
      "version": "0.1.6",
      "resolved": "https://registry.npmjs.org/windows-shortcuts/-/windows-shortcuts-0.1.6.tgz",
      "integrity": "sha512-kjkb3Hmmmg7jwnOb+29AOmoEEA1L/JeLsMOYovpLxYpuc+fN0R+pr8sMwep3JFhUZloxyw1XTzq8n3HugXkqBA=="
    }
  },
  "dependencies": {
    "windows-shortcuts": {
      "version": "0.1.6",
      "resolved": "https://registry.npmjs.org/windows-shortcuts/-/windows-shortcuts-0.1.6.tgz",
      "integrity": "sha512-kjkb3Hmmmg7jwnOb+29AOmoEEA1L/JeLsMOYovpLxYpuc+fN0R+pr8sMwep3JFhUZloxyw1XTzq8n3HugXkqBA=="
    }
  }
}
